// !$*UTF8*$!
{
	archiveVersion = 1;
	classes = {
	};
	objectVersion = 56;
	objects = {

/* Begin PBXBuildFile section */
		F40968F52C50C8E100AB221C /* LearningKanjiApp.swift in Sources */ = {isa = PBXBuildFile; fileRef = F40968F42C50C8E100AB221C /* LearningKanjiApp.swift */; };
		F40968F72C50C8E100AB221C /* ContentView.swift in Sources */ = {isa = PBXBuildFile; fileRef = F40968F62C50C8E100AB221C /* ContentView.swift */; };
		F40968F92C50C8E300AB221C /* Assets.xcassets in Resources */ = {isa = PBXBuildFile; fileRef = F40968F82C50C8E300AB221C /* Assets.xcassets */; };
		F40968FC2C50C8E300AB221C /* Preview Assets.xcassets in Resources */ = {isa = PBXBuildFile; fileRef = F40968FB2C50C8E300AB221C /* Preview Assets.xcassets */; };
		F40969062C50C8E300AB221C /* LearningKanjiTests.swift in Sources */ = {isa = PBXBuildFile; fileRef = F40969052C50C8E300AB221C /* LearningKanjiTests.swift */; };
		F40969102C50C8E300AB221C /* LearningKanjiUITests.swift in Sources */ = {isa = PBXBuildFile; fileRef = F409690F2C50C8E300AB221C /* LearningKanjiUITests.swift */; };
		F40969122C50C8E300AB221C /* LearningKanjiUITestsLaunchTests.swift in Sources */ = {isa = PBXBuildFile; fileRef = F40969112C50C8E300AB221C /* LearningKanjiUITestsLaunchTests.swift */; };
/* End PBXBuildFile section */

/* Begin PBXContainerItemProxy section */
		F40969022C50C8E300AB221C /* PBXContainerItemProxy */ = {
			isa = PBXContainerItemProxy;
			containerPortal = F40968E92C50C8E100AB221C /* Project object */;
			proxyType = 1;
			remoteGlobalIDString = F40968F02C50C8E100AB221C;
			remoteInfo = LearningKanji;
		};
		F409690C2C50C8E300AB221C /* PBXContainerItemProxy */ = {
			isa = PBXContainerItemProxy;
			containerPortal = F40968E92C50C8E100AB221C /* Project object */;
			proxyType = 1;
			remoteGlobalIDString = F40968F02C50C8E100AB221C;
			remoteInfo = LearningKanji;
		};
/* End PBXContainerItemProxy section */

/* Begin PBXFileReference section */
		F40968F12C50C8E100AB221C /* LearningKanji.app */ = {isa = PBXFileReference; explicitFileType = wrapper.application; includeInIndex = 0; path = LearningKanji.app; sourceTree = BUILT_PRODUCTS_DIR; };
		F40968F42C50C8E100AB221C /* LearningKanjiApp.swift */ = {isa = PBXFileReference; lastKnownFileType = sourcecode.swift; path = LearningKanjiApp.swift; sourceTree = "<group>"; };
		F40968F62C50C8E100AB221C /* ContentView.swift */ = {isa = PBXFileReference; lastKnownFileType = sourcecode.swift; path = ContentView.swift; sourceTree = "<group>"; };
		F40968F82C50C8E300AB221C /* Assets.xcassets */ = {isa = PBXFileReference; lastKnownFileType = folder.assetcatalog; path = Assets.xcassets; sourceTree = "<group>"; };
		F40968FB2C50C8E300AB221C /* Preview Assets.xcassets */ = {isa = PBXFileReference; lastKnownFileType = folder.assetcatalog; path = "Preview Assets.xcassets"; sourceTree = "<group>"; };
		F40969012C50C8E300AB221C /* LearningKanjiTests.xctest */ = {isa = PBXFileReference; explicitFileType = wrapper.cfbundle; includeInIndex = 0; path = LearningKanjiTests.xctest; sourceTree = BUILT_PRODUCTS_DIR; };
		F40969052C50C8E300AB221C /* LearningKanjiTests.swift */ = {isa = PBXFileReference; lastKnownFileType = sourcecode.swift; path = LearningKanjiTests.swift; sourceTree = "<group>"; };
		F409690B2C50C8E300AB221C /* LearningKanjiUITests.xctest */ = {isa = PBXFileReference; explicitFileType = wrapper.cfbundle; includeInIndex = 0; path = LearningKanjiUITests.xctest; sourceTree = BUILT_PRODUCTS_DIR; };
		F409690F2C50C8E300AB221C /* LearningKanjiUITests.swift */ = {isa = PBXFileReference; lastKnownFileType = sourcecode.swift; path = LearningKanjiUITests.swift; sourceTree = "<group>"; };
		F40969112C50C8E300AB221C /* LearningKanjiUITestsLaunchTests.swift */ = {isa = PBXFileReference; lastKnownFileType = sourcecode.swift; path = LearningKanjiUITestsLaunchTests.swift; sourceTree = "<group>"; };
/* End PBXFileReference section */

/* Begin PBXFrameworksBuildPhase section */
		F40968EE2C50C8E100AB221C /* Frameworks */ = {
			isa = PBXFrameworksBuildPhase;
			buildActionMask = 2147483647;
			files = (
			);
			runOnlyForDeploymentPostprocessing = 0;
		};
		F40968FE2C50C8E300AB221C /* Frameworks */ = {
			isa = PBXFrameworksBuildPhase;
			buildActionMask = 2147483647;
			files = (
			);
			runOnlyForDeploymentPostprocessing = 0;
		};
		F40969082C50C8E300AB221C /* Frameworks */ = {
			isa = PBXFrameworksBuildPhase;
			buildActionMask = 2147483647;
			files = (
			);
			runOnlyForDeploymentPostprocessing = 0;
		};
/* End PBXFrameworksBuildPhase section */

/* Begin PBXGroup section */
		F40968E82C50C8E100AB221C = {
			isa = PBXGroup;
			children = (
				F40968F32C50C8E100AB221C /* LearningKanji */,
				F40969042C50C8E300AB221C /* LearningKanjiTests */,
				F409690E2C50C8E300AB221C /* LearningKanjiUITests */,
				F40968F22C50C8E100AB221C /* Products */,
			);
			sourceTree = "<group>";
		};
		F40968F22C50C8E100AB221C /* Products */ = {
			isa = PBXGroup;
			children = (
				F40968F12C50C8E100AB221C /* LearningKanji.app */,
				F40969012C50C8E300AB221C /* LearningKanjiTests.xctest */,
				F409690B2C50C8E300AB221C /* LearningKanjiUITests.xctest */,
			);
			name = Products;
			sourceTree = "<group>";
		};
		F40968F32C50C8E100AB221C /* LearningKanji */ = {
			isa = PBXGroup;
			children = (
				F40968F42C50C8E100AB221C /* LearningKanjiApp.swift */,
				F40968F62C50C8E100AB221C /* ContentView.swift */,
				F40968F82C50C8E300AB221C /* Assets.xcassets */,
				F40968FA2C50C8E300AB221C /* Preview Content */,
			);
			path = LearningKanji;
			sourceTree = "<group>";
		};
		F40968FA2C50C8E300AB221C /* Preview Content */ = {
			isa = PBXGroup;
			children = (
				F40968FB2C50C8E300AB221C /* Preview Assets.xcassets */,
			);
			path = "Preview Content";
			sourceTree = "<group>";
		};
		F40969042C50C8E300AB221C /* LearningKanjiTests */ = {
			isa = PBXGroup;
			children = (
				F40969052C50C8E300AB221C /* LearningKanjiTests.swift */,
			);
			path = LearningKanjiTests;
			sourceTree = "<group>";
		};
		F409690E2C50C8E300AB221C /* LearningKanjiUITests */ = {
			isa = PBXGroup;
			children = (
				F409690F2C50C8E300AB221C /* LearningKanjiUITests.swift */,
				F40969112C50C8E300AB221C /* LearningKanjiUITestsLaunchTests.swift */,
			);
			path = LearningKanjiUITests;
			sourceTree = "<group>";
		};
/* End PBXGroup section */

/* Begin PBXNativeTarget section */
		F40968F02C50C8E100AB221C /* LearningKanji */ = {
			isa = PBXNativeTarget;
			buildConfigurationList = F40969152C50C8E300AB221C /* Build configuration list for PBXNativeTarget "LearningKanji" */;
			buildPhases = (
				F40968ED2C50C8E100AB221C /* Sources */,
				F40968EE2C50C8E100AB221C /* Frameworks */,
				F40968EF2C50C8E100AB221C /* Resources */,
			);
			buildRules = (
			);
			dependencies = (
			);
			name = LearningKanji;
			productName = LearningKanji;
			productReference = F40968F12C50C8E100AB221C /* LearningKanji.app */;
			productType = "com.apple.product-type.application";
		};
		F40969002C50C8E300AB221C /* LearningKanjiTests */ = {
			isa = PBXNativeTarget;
			buildConfigurationList = F40969182C50C8E300AB221C /* Build configuration list for PBXNativeTarget "LearningKanjiTests" */;
			buildPhases = (
				F40968FD2C50C8E300AB221C /* Sources */,
				F40968FE2C50C8E300AB221C /* Frameworks */,
				F40968FF2C50C8E300AB221C /* Resources */,
			);
			buildRules = (
			);
			dependencies = (
				F40969032C50C8E300AB221C /* PBXTargetDependency */,
			);
			name = LearningKanjiTests;
			productName = LearningKanjiTests;
			productReference = F40969012C50C8E300AB221C /* LearningKanjiTests.xctest */;
			productType = "com.apple.product-type.bundle.unit-test";
		};
		F409690A2C50C8E300AB221C /* LearningKanjiUITests */ = {
			isa = PBXNativeTarget;
			buildConfigurationList = F409691B2C50C8E300AB221C /* Build configuration list for PBXNativeTarget "LearningKanjiUITests" */;
			buildPhases = (
				F40969072C50C8E300AB221C /* Sources */,
				F40969082C50C8E300AB221C /* Frameworks */,
				F40969092C50C8E300AB221C /* Resources */,
			);
			buildRules = (
			);
			dependencies = (
				F409690D2C50C8E300AB221C /* PBXTargetDependency */,
			);
			name = LearningKanjiUITests;
			productName = LearningKanjiUITests;
			productReference = F409690B2C50C8E300AB221C /* LearningKanjiUITests.xctest */;
			productType = "com.apple.product-type.bundle.ui-testing";
		};
/* End PBXNativeTarget section */

/* Begin PBXProject section */
		F40968E92C50C8E100AB221C /* Project object */ = {
			isa = PBXProject;
			attributes = {
				BuildIndependentTargetsInParallel = 1;
				LastSwiftUpdateCheck = 1540;
				LastUpgradeCheck = 1540;
				TargetAttributes = {
					F40968F02C50C8E100AB221C = {
						CreatedOnToolsVersion = 15.4;
					};
					F40969002C50C8E300AB221C = {
						CreatedOnToolsVersion = 15.4;
						TestTargetID = F40968F02C50C8E100AB221C;
					};
					F409690A2C50C8E300AB221C = {
						CreatedOnToolsVersion = 15.4;
						TestTargetID = F40968F02C50C8E100AB221C;
					};
				};
			};
			buildConfigurationList = F40968EC2C50C8E100AB221C /* Build configuration list for PBXProject "LearningKanji" */;
			compatibilityVersion = "Xcode 14.0";
			developmentRegion = en;
			hasScannedForEncodings = 0;
			knownRegions = (
				en,
				Base,
			);
			mainGroup = F40968E82C50C8E100AB221C;
			productRefGroup = F40968F22C50C8E100AB221C /* Products */;
			projectDirPath = "";
			projectRoot = "";
			targets = (
				F40968F02C50C8E100AB221C /* LearningKanji */,
				F40969002C50C8E300AB221C /* LearningKanjiTests */,
				F409690A2C50C8E300AB221C /* LearningKanjiUITests */,
			);
		};
/* End PBXProject section */

/* Begin PBXResourcesBuildPhase section */
		F40968EF2C50C8E100AB221C /* Resources */ = {
			isa = PBXResourcesBuildPhase;
			buildActionMask = 2147483647;
			files = (
				F40968FC2C50C8E300AB221C /* Preview Assets.xcassets in Resources */,
				F40968F92C50C8E300AB221C /* Assets.xcassets in Resources */,
			);
			runOnlyForDeploymentPostprocessing = 0;
		};
		F40968FF2C50C8E300AB221C /* Resources */ = {
			isa = PBXResourcesBuildPhase;
			buildActionMask = 2147483647;
			files = (
			);
			runOnlyForDeploymentPostprocessing = 0;
		};
		F40969092C50C8E300AB221C /* Resources */ = {
			isa = PBXResourcesBuildPhase;
			buildActionMask = 2147483647;
			files = (
			);
			runOnlyForDeploymentPostprocessing = 0;
		};
/* End PBXResourcesBuildPhase section */

/* Begin PBXSourcesBuildPhase section */
		F40968ED2C50C8E100AB221C /* Sources */ = {
			isa = PBXSourcesBuildPhase;
			buildActionMask = 2147483647;
			files = (
				F40968F72C50C8E100AB221C /* ContentView.swift in Sources */,
				F40968F52C50C8E100AB221C /* LearningKanjiApp.swift in Sources */,
			);
			runOnlyForDeploymentPostprocessing = 0;
		};
		F40968FD2C50C8E300AB221C /* Sources */ = {
			isa = PBXSourcesBuildPhase;
			buildActionMask = 2147483647;
			files = (
				F40969062C50C8E300AB221C /* LearningKanjiTests.swift in Sources */,
			);
			runOnlyForDeploymentPostprocessing = 0;
		};
		F40969072C50C8E300AB221C /* Sources */ = {
			isa = PBXSourcesBuildPhase;
			buildActionMask = 2147483647;
			files = (
				F40969122C50C8E300AB221C /* LearningKanjiUITestsLaunchTests.swift in Sources */,
				F40969102C50C8E300AB221C /* LearningKanjiUITests.swift in Sources */,
			);
			runOnlyForDeploymentPostprocessing = 0;
		};
/* End PBXSourcesBuildPhase section */

/* Begin PBXTargetDependency section */
		F40969032C50C8E300AB221C /* PBXTargetDependency */ = {
			isa = PBXTargetDependency;
			target = F40968F02C50C8E100AB221C /* LearningKanji */;
			targetProxy = F40969022C50C8E300AB221C /* PBXContainerItemProxy */;
		};
		F409690D2C50C8E300AB221C /* PBXTargetDependency */ = {
			isa = PBXTargetDependency;
			target = F40968F02C50C8E100AB221C /* LearningKanji */;
			targetProxy = F409690C2C50C8E300AB221C /* PBXContainerItemProxy */;
		};
/* End PBXTargetDependency section */

/* Begin XCBuildConfiguration section */
		F40969132C50C8E300AB221C /* Debug */ = {
			isa = XCBuildConfiguration;
			buildSettings = {
				ALWAYS_SEARCH_USER_PATHS = NO;
				ASSETCATALOG_COMPILER_GENERATE_SWIFT_ASSET_SYMBOL_EXTENSIONS = YES;
				CLANG_ANALYZER_NONNULL = YES;
				CLANG_ANALYZER_NUMBER_OBJECT_CONVERSION = YES_AGGRESSIVE;
				CLANG_CXX_LANGUAGE_STANDARD = "gnu++20";
				CLANG_ENABLE_MODULES = YES;
				CLANG_ENABLE_OBJC_ARC = YES;
				CLANG_ENABLE_OBJC_WEAK = YES;
				CLANG_WARN_BLOCK_CAPTURE_AUTORELEASING = YES;
				CLANG_WARN_BOOL_CONVERSION = YES;
				CLANG_WARN_COMMA = YES;
				CLANG_WARN_CONSTANT_CONVERSION = YES;
				CLANG_WARN_DEPRECATED_OBJC_IMPLEMENTATIONS = YES;
				CLANG_WARN_DIRECT_OBJC_ISA_USAGE = YES_ERROR;
				CLANG_WARN_DOCUMENTATION_COMMENTS = YES;
				CLANG_WARN_EMPTY_BODY = YES;
				CLANG_WARN_ENUM_CONVERSION = YES;
				CLANG_WARN_INFINITE_RECURSION = YES;
				CLANG_WARN_INT_CONVERSION = YES;
				CLANG_WARN_NON_LITERAL_NULL_CONVERSION = YES;
				CLANG_WARN_OBJC_IMPLICIT_RETAIN_SELF = YES;
				CLANG_WARN_OBJC_LITERAL_CONVERSION = YES;
				CLANG_WARN_OBJC_ROOT_CLASS = YES_ERROR;
				CLANG_WARN_QUOTED_INCLUDE_IN_FRAMEWORK_HEADER = YES;
				CLANG_WARN_RANGE_LOOP_ANALYSIS = YES;
				CLANG_WARN_STRICT_PROTOTYPES = YES;
				CLANG_WARN_SUSPICIOUS_MOVE = YES;
				CLANG_WARN_UNGUARDED_AVAILABILITY = YES_AGGRESSIVE;
				CLANG_WARN_UNREACHABLE_CODE = YES;
				CLANG_WARN__DUPLICATE_METHOD_MATCH = YES;
				COPY_PHASE_STRIP = NO;
				DEBUG_INFORMATION_FORMAT = dwarf;
				ENABLE_STRICT_OBJC_MSGSEND = YES;
				ENABLE_TESTABILITY = YES;
				ENABLE_USER_SCRIPT_SANDBOXING = YES;
				GCC_C_LANGUAGE_STANDARD = gnu17;
				GCC_DYNAMIC_NO_PIC = NO;
				GCC_NO_COMMON_BLOCKS = YES;
				GCC_OPTIMIZATION_LEVEL = 0;
				GCC_PREPROCESSOR_DEFINITIONS = (
					"DEBUG=1",
					"$(inherited)",
				);
				GCC_WARN_64_TO_32_BIT_CONVERSION = YES;
				GCC_WARN_ABOUT_RETURN_TYPE = YES_ERROR;
				GCC_WARN_UNDECLARED_SELECTOR = YES;
				GCC_WARN_UNINITIALIZED_AUTOS = YES_AGGRESSIVE;
				GCC_WARN_UNUSED_FUNCTION = YES;
				GCC_WARN_UNUSED_VARIABLE = YES;
				IPHONEOS_DEPLOYMENT_TARGET = 17.5;
				LOCALIZATION_PREFERS_STRING_CATALOGS = YES;
				MTL_ENABLE_DEBUG_INFO = INCLUDE_SOURCE;
				MTL_FAST_MATH = YES;
				ONLY_ACTIVE_ARCH = YES;
				SDKROOT = iphoneos;
				SWIFT_ACTIVE_COMPILATION_CONDITIONS = "DEBUG $(inherited)";
				SWIFT_OPTIMIZATION_LEVEL = "-Onone";
			};
			name = Debug;
		};
		F40969142C50C8E300AB221C /* Release */ = {
			isa = XCBuildConfiguration;
			buildSettings = {
				ALWAYS_SEARCH_USER_PATHS = NO;
				ASSETCATALOG_COMPILER_GENERATE_SWIFT_ASSET_SYMBOL_EXTENSIONS = YES;
				CLANG_ANALYZER_NONNULL = YES;
				CLANG_ANALYZER_NUMBER_OBJECT_CONVERSION = YES_AGGRESSIVE;
				CLANG_CXX_LANGUAGE_STANDARD = "gnu++20";
				CLANG_ENABLE_MODULES = YES;
				CLANG_ENABLE_OBJC_ARC = YES;
				CLANG_ENABLE_OBJC_WEAK = YES;
				CLANG_WARN_BLOCK_CAPTURE_AUTORELEASING = YES;
				CLANG_WARN_BOOL_CONVERSION = YES;
				CLANG_WARN_COMMA = YES;
				CLANG_WARN_CONSTANT_CONVERSION = YES;
				CLANG_WARN_DEPRECATED_OBJC_IMPLEMENTATIONS = YES;
				CLANG_WARN_DIRECT_OBJC_ISA_USAGE = YES_ERROR;
				CLANG_WARN_DOCUMENTATION_COMMENTS = YES;
				CLANG_WARN_EMPTY_BODY = YES;
				CLANG_WARN_ENUM_CONVERSION = YES;
				CLANG_WARN_INFINITE_RECURSION = YES;
				CLANG_WARN_INT_CONVERSION = YES;
				CLANG_WARN_NON_LITERAL_NULL_CONVERSION = YES;
				CLANG_WARN_OBJC_IMPLICIT_RETAIN_SELF = YES;
				CLANG_WARN_OBJC_LITERAL_CONVERSION = YES;
				CLANG_WARN_OBJC_ROOT_CLASS = YES_ERROR;
				CLANG_WARN_QUOTED_INCLUDE_IN_FRAMEWORK_HEADER = YES;
				CLANG_WARN_RANGE_LOOP_ANALYSIS = YES;
				CLANG_WARN_STRICT_PROTOTYPES = YES;
				CLANG_WARN_SUSPICIOUS_MOVE = YES;
				CLANG_WARN_UNGUARDED_AVAILABILITY = YES_AGGRESSIVE;
				CLANG_WARN_UNREACHABLE_CODE = YES;
				CLANG_WARN__DUPLICATE_METHOD_MATCH = YES;
				COPY_PHASE_STRIP = NO;
				DEBUG_INFORMATION_FORMAT = "dwarf-with-dsym";
				ENABLE_NS_ASSERTIONS = NO;
				ENABLE_STRICT_OBJC_MSGSEND = YES;
				ENABLE_USER_SCRIPT_SANDBOXING = YES;
				GCC_C_LANGUAGE_STANDARD = gnu17;
				GCC_NO_COMMON_BLOCKS = YES;
				GCC_WARN_64_TO_32_BIT_CONVERSION = YES;
				GCC_WARN_ABOUT_RETURN_TYPE = YES_ERROR;
				GCC_WARN_UNDECLARED_SELECTOR = YES;
				GCC_WARN_UNINITIALIZED_AUTOS = YES_AGGRESSIVE;
				GCC_WARN_UNUSED_FUNCTION = YES;
				GCC_WARN_UNUSED_VARIABLE = YES;
				IPHONEOS_DEPLOYMENT_TARGET = 17.5;
				LOCALIZATION_PREFERS_STRING_CATALOGS = YES;
				MTL_ENABLE_DEBUG_INFO = NO;
				MTL_FAST_MATH = YES;
				SDKROOT = iphoneos;
				SWIFT_COMPILATION_MODE = wholemodule;
				VALIDATE_PRODUCT = YES;
			};
			name = Release;
		};
		F40969162C50C8E300AB221C /* Debug */ = {
			isa = XCBuildConfiguration;
			buildSettings = {
				ASSETCATALOG_COMPILER_APPICON_NAME = AppIcon;
				ASSETCATALOG_COMPILER_GLOBAL_ACCENT_COLOR_NAME = AccentColor;
				CODE_SIGN_STYLE = Automatic;
				CURRENT_PROJECT_VERSION = 1;
				DEVELOPMENT_ASSET_PATHS = "\"LearningKanji/Preview Content\"";
				DEVELOPMENT_TEAM = Z85JFS7S4J;
				ENABLE_PREVIEWS = YES;
				GENERATE_INFOPLIST_FILE = YES;
				INFOPLIST_KEY_UIApplicationSceneManifest_Generation = YES;
				INFOPLIST_KEY_UIApplicationSupportsIndirectInputEvents = YES;
				INFOPLIST_KEY_UILaunchScreen_Generation = YES;
				INFOPLIST_KEY_UISupportedInterfaceOrientations_iPad = "UIInterfaceOrientationPortrait UIInterfaceOrientationPortraitUpsideDown UIInterfaceOrientationLandscapeLeft UIInterfaceOrientationLandscapeRight";
				INFOPLIST_KEY_UISupportedInterfaceOrientations_iPhone = "UIInterfaceOrientationPortrait UIInterfaceOrientationLandscapeLeft UIInterfaceOrientationLandscapeRight";
				LD_RUNPATH_SEARCH_PATHS = (
					"$(inherited)",
					"@executable_path/Frameworks",
				);
				MARKETING_VERSION = 1.0;
				PRODUCT_BUNDLE_IDENTIFIER = com.koo.LearningKanji;
				PRODUCT_NAME = "$(TARGET_NAME)";
				SWIFT_EMIT_LOC_STRINGS = YES;
				SWIFT_VERSION = 5.0;
				TARGETED_DEVICE_FAMILY = "1,2";
			};
			name = Debug;
		};
		F40969172C50C8E300AB221C /* Release */ = {
			isa = XCBuildConfiguration;
			buildSettings = {
				ASSETCATALOG_COMPILER_APPICON_NAME = AppIcon;
				ASSETCATALOG_COMPILER_GLOBAL_ACCENT_COLOR_NAME = AccentColor;
				CODE_SIGN_STYLE = Automatic;
				CURRENT_PROJECT_VERSION = 1;
				DEVELOPMENT_ASSET_PATHS = "\"LearningKanji/Preview Content\"";
				DEVELOPMENT_TEAM = Z85JFS7S4J;
				ENABLE_PREVIEWS = YES;
				GENERATE_INFOPLIST_FILE = YES;
				INFOPLIST_KEY_UIApplicationSceneManifest_Generation = YES;
				INFOPLIST_KEY_UIApplicationSupportsIndirectInputEvents = YES;
				INFOPLIST_KEY_UILaunchScreen_Generation = YES;
				INFOPLIST_KEY_UISupportedInterfaceOrientations_iPad = "UIInterfaceOrientationPortrait UIInterfaceOrientationPortraitUpsideDown UIInterfaceOrientationLandscapeLeft UIInterfaceOrientationLandscapeRight";
				INFOPLIST_KEY_UISupportedInterfaceOrientations_iPhone = "UIInterfaceOrientationPortrait UIInterfaceOrientationLandscapeLeft UIInterfaceOrientationLandscapeRight";
				LD_RUNPATH_SEARCH_PATHS = (
					"$(inherited)",
					"@executable_path/Frameworks",
				);
				MARKETING_VERSION = 1.0;
				PRODUCT_BUNDLE_IDENTIFIER = com.koo.LearningKanji;
				PRODUCT_NAME = "$(TARGET_NAME)";
				SWIFT_EMIT_LOC_STRINGS = YES;
				SWIFT_VERSION = 5.0;
				TARGETED_DEVICE_FAMILY = "1,2";
			};
			name = Release;
		};
		F40969192C50C8E300AB221C /* Debug */ = {
			isa = XCBuildConfiguration;
			buildSettings = {
				ALWAYS_EMBED_SWIFT_STANDARD_LIBRARIES = YES;
				BUNDLE_LOADER = "$(TEST_HOST)";
				CODE_SIGN_STYLE = Automatic;
				CURRENT_PROJECT_VERSION = 1;
				DEVELOPMENT_TEAM = Z85JFS7S4J;
				GENERATE_INFOPLIST_FILE = YES;
				IPHONEOS_DEPLOYMENT_TARGET = 17.5;
				MARKETING_VERSION = 1.0;
				PRODUCT_BUNDLE_IDENTIFIER = com.koo.LearningKanjiTests;
				PRODUCT_NAME = "$(TARGET_NAME)";
				SWIFT_EMIT_LOC_STRINGS = NO;
				SWIFT_VERSION = 5.0;
				TARGETED_DEVICE_FAMILY = "1,2";
				TEST_HOST = "$(BUILT_PRODUCTS_DIR)/LearningKanji.app/$(BUNDLE_EXECUTABLE_FOLDER_PATH)/LearningKanji";
			};
			name = Debug;
		};
		F409691A2C50C8E300AB221C /* Release */ = {
			isa = XCBuildConfiguration;
			buildSettings = {
				ALWAYS_EMBED_SWIFT_STANDARD_LIBRARIES = YES;
				BUNDLE_LOADER = "$(TEST_HOST)";
				CODE_SIGN_STYLE = Automatic;
				CURRENT_PROJECT_VERSION = 1;
				DEVELOPMENT_TEAM = Z85JFS7S4J;
				GENERATE_INFOPLIST_FILE = YES;
				IPHONEOS_DEPLOYMENT_TARGET = 17.5;
				MARKETING_VERSION = 1.0;
				PRODUCT_BUNDLE_IDENTIFIER = com.koo.LearningKanjiTests;
				PRODUCT_NAME = "$(TARGET_NAME)";
				SWIFT_EMIT_LOC_STRINGS = NO;
				SWIFT_VERSION = 5.0;
				TARGETED_DEVICE_FAMILY = "1,2";
				TEST_HOST = "$(BUILT_PRODUCTS_DIR)/LearningKanji.app/$(BUNDLE_EXECUTABLE_FOLDER_PATH)/LearningKanji";
			};
			name = Release;
		};
		F409691C2C50C8E300AB221C /* Debug */ = {
			isa = XCBuildConfiguration;
			buildSettings = {
				ALWAYS_EMBED_SWIFT_STANDARD_LIBRARIES = YES;
				CODE_SIGN_STYLE = Automatic;
				CURRENT_PROJECT_VERSION = 1;
				DEVELOPMENT_TEAM = Z85JFS7S4J;
				GENERATE_INFOPLIST_FILE = YES;
				MARKETING_VERSION = 1.0;
				PRODUCT_BUNDLE_IDENTIFIER = com.koo.LearningKanjiUITests;
				PRODUCT_NAME = "$(TARGET_NAME)";
				SWIFT_EMIT_LOC_STRINGS = NO;
				SWIFT_VERSION = 5.0;
				TARGETED_DEVICE_FAMILY = "1,2";
				TEST_TARGET_NAME = LearningKanji;
			};
			name = Debug;
		};
		F409691D2C50C8E300AB221C /* Release */ = {
			isa = XCBuildConfiguration;
			buildSettings = {
				ALWAYS_EMBED_SWIFT_STANDARD_LIBRARIES = YES;
				CODE_SIGN_STYLE = Automatic;
				CURRENT_PROJECT_VERSION = 1;
				DEVELOPMENT_TEAM = Z85JFS7S4J;
				GENERATE_INFOPLIST_FILE = YES;
				MARKETING_VERSION = 1.0;
				PRODUCT_BUNDLE_IDENTIFIER = com.koo.LearningKanjiUITests;
				PRODUCT_NAME = "$(TARGET_NAME)";
				SWIFT_EMIT_LOC_STRINGS = NO;
				SWIFT_VERSION = 5.0;
				TARGETED_DEVICE_FAMILY = "1,2";
				TEST_TARGET_NAME = LearningKanji;
			};
			name = Release;
		};
/* End XCBuildConfiguration section */

/* Begin XCConfigurationList section */
		F40968EC2C50C8E100AB221C /* Build configuration list for PBXProject "LearningKanji" */ = {
			isa = XCConfigurationList;
			buildConfigurations = (
				F40969132C50C8E300AB221C /* Debug */,
				F40969142C50C8E300AB221C /* Release */,
			);
			defaultConfigurationIsVisible = 0;
			defaultConfigurationName = Release;
		};
		F40969152C50C8E300AB221C /* Build configuration list for PBXNativeTarget "LearningKanji" */ = {
			isa = XCConfigurationList;
			buildConfigurations = (
				F40969162C50C8E300AB221C /* Debug */,
				F40969172C50C8E300AB221C /* Release */,
			);
			defaultConfigurationIsVisible = 0;
			defaultConfigurationName = Release;
		};
		F40969182C50C8E300AB221C /* Build configuration list for PBXNativeTarget "LearningKanjiTests" */ = {
			isa = XCConfigurationList;
			buildConfigurations = (
				F40969192C50C8E300AB221C /* Debug */,
				F409691A2C50C8E300AB221C /* Release */,
			);
			defaultConfigurationIsVisible = 0;
			defaultConfigurationName = Release;
		};
		F409691B2C50C8E300AB221C /* Build configuration list for PBXNativeTarget "LearningKanjiUITests" */ = {
			isa = XCConfigurationList;
			buildConfigurations = (
				F409691C2C50C8E300AB221C /* Debug */,
				F409691D2C50C8E300AB221C /* Release */,
			);
			defaultConfigurationIsVisible = 0;
			defaultConfigurationName = Release;
		};
/* End XCConfigurationList section */
	};
	rootObject = F40968E92C50C8E100AB221C /* Project object */;
}
